
Microsoft Visual Studio Solution File, Format Version 12.00
# Visual Studio Version 16
VisualStudioVersion = 16.0.31727.386
MinimumVisualStudioVersion = 10.0.40219.1
Project("{FAE04EC0-301F-11D3-BF4B-00C04F79EFBC}") = "Day1.WebForm", "Day1.WebForm\Day1.WebForm.csproj", "{73B822DB-A6B3-427E-B60E-A3D586D4FD96}"
EndProject
Global
	GlobalSection(SolutionConfigurationPlatforms) = preSolution
		Debug|Any CPU = Debug|Any CPU
		Release|Any CPU = Release|Any CPU
	EndGlobalSection
	GlobalSection(ProjectConfigurationPlatforms) = postSolution
		{73B822DB-A6B3-427E-B60E-A3D586D4FD96}.Debug|Any CPU.ActiveCfg = Debug|Any CPU
		{73B822DB-A6B3-427E-B60E-A3D586D4FD96}.Debug|Any CPU.Build.0 = Debug|Any CPU
		{73B822DB-A6B3-427E-B60E-A3D586D4FD96}.Release|Any CPU.ActiveCfg = Release|Any CPU
		{73B822DB-A6B3-427E-B60E-A3D586D4FD96}.Release|Any CPU.Build.0 = Release|Any CPU
	EndGlobalSection
	GlobalSection(SolutionProperties) = preSolution
		HideSolutionNode = FALSE
	EndGlobalSection
	GlobalSection(ExtensibilityGlobals) = postSolution
		SolutionGuid = {15DCFC85-349F-4509-A982-A1297C5396C9}
	EndGlobalSection
EndGlobal
